{
  "name": "open-cld",
  "version": "3.0.0",
  "lockfileVersion": 3,
  "requires": true,
  "packages": {
    "": {
      "name": "open-cld",
      "version": "3.0.0",
      "license": "MIT",
      "bin": {
        "cld": "main/cld.js"
      },
      "engines": {
        "node": ">=18.18.0"
      }
    }
  }
}
